
Microsoft Visual Studio Solution File, Format Version 12.00
# Visual Studio Version 17
VisualStudioVersion = 17.6.33815.320
MinimumVisualStudioVersion = 10.0.40219.1
Project("{FAE04EC0-301F-11D3-BF4B-00C04F79EFBC}") = "HighRiskCafeV2", "HighRiskCafeV2.csproj", "{89EC5D25-9AAD-487D-BCF4-B367FE400B2C}"
EndProject
Global
	GlobalSection(SolutionConfigurationPlatforms) = preSolution
		Debug|Any CPU = Debug|Any CPU
		Release|Any CPU = Release|Any CPU
	EndGlobalSection
	GlobalSection(ProjectConfigurationPlatforms) = postSolution
		{89EC5D25-9AAD-487D-BCF4-B367FE400B2C}.Debug|Any CPU.ActiveCfg = Debug|Any CPU
		{89EC5D25-9AAD-487D-BCF4-B367FE400B2C}.Debug|Any CPU.Build.0 = Debug|Any CPU
		{89EC5D25-9AAD-487D-BCF4-B367FE400B2C}.Release|Any CPU.ActiveCfg = Release|Any CPU
		{89EC5D25-9AAD-487D-BCF4-B367FE400B2C}.Release|Any CPU.Build.0 = Release|Any CPU
	EndGlobalSection
	GlobalSection(SolutionProperties) = preSolution
		HideSolutionNode = FALSE
	EndGlobalSection
	GlobalSection(ExtensibilityGlobals) = postSolution
		SolutionGuid = {14FB8C87-4A68-40CF-B0B8-EA2ECB505C1F}
	EndGlobalSection
EndGlobal
